// !$*UTF8*$!
{
	archiveVersion = 1;
	classes = {
	};
	objectVersion = 50;
	objects = {

/* Begin PBXBuildFile section */
		AC5C33A02611AD7800CD978F /* ichigo.jpg in Resources */ = {isa = PBXBuildFile; fileRef = AC5C339D2611AD7800CD978F /* ichigo.jpg */; };
		AC5C33A12611AD7800CD978F /* banana.jpg in Resources */ = {isa = PBXBuildFile; fileRef = AC5C339E2611AD7800CD978F /* banana.jpg */; };
		AC5C33A22611AD7800CD978F /* peach.jpg in Resources */ = {isa = PBXBuildFile; fileRef = AC5C339F2611AD7800CD978F /* peach.jpg */; };
		AC83BB7D26083F0C0040FC5A /* AppDelegate.swift in Sources */ = {isa = PBXBuildFile; fileRef = AC83BB7C26083F0C0040FC5A /* AppDelegate.swift */; };
		AC83BB7F26083F0C0040FC5A /* SceneDelegate.swift in Sources */ = {isa = PBXBuildFile; fileRef = AC83BB7E26083F0C0040FC5A /* SceneDelegate.swift */; };
		AC83BB8126083F0C0040FC5A /* ViewController.swift in Sources */ = {isa = PBXBuildFile; fileRef = AC83BB8026083F0C0040FC5A /* ViewController.swift */; };
		AC83BB8426083F0C0040FC5A /* Main.storyboard in Resources */ = {isa = PBXBuildFile; fileRef = AC83BB8226083F0C0040FC5A /* Main.storyboard */; };
		AC83BB8626083F0D0040FC5A /* Assets.xcassets in Resources */ = {isa = PBXBuildFile; fileRef = AC83BB8526083F0D0040FC5A /* Assets.xcassets */; };
		AC83BB8926083F0D0040FC5A /* LaunchScreen.storyboard in Resources */ = {isa = PBXBuildFile; fileRef = AC83BB8726083F0D0040FC5A /* LaunchScreen.storyboard */; };
		AC9AA042260DE2C40044ED6D /* zoom.swift in Sources */ = {isa = PBXBuildFile; fileRef = AC9AA041260DE2C40044ED6D /* zoom.swift */; };
/* End PBXBuildFile section */

/* Begin PBXFileReference section */
		AC5C339D2611AD7800CD978F /* ichigo.jpg */ = {isa = PBXFileReference; lastKnownFileType = image.jpeg; path = ichigo.jpg; sourceTree = "<group>"; };
		AC5C339E2611AD7800CD978F /* banana.jpg */ = {isa = PBXFileReference; lastKnownFileType = image.jpeg; path = banana.jpg; sourceTree = "<group>"; };
		AC5C339F2611AD7800CD978F /* peach.jpg */ = {isa = PBXFileReference; lastKnownFileType = image.jpeg; path = peach.jpg; sourceTree = "<group>"; };
		AC83BB7926083F0C0040FC5A /* SlideshowApp.app */ = {isa = PBXFileReference; explicitFileType = wrapper.application; includeInIndex = 0; path = SlideshowApp.app; sourceTree = BUILT_PRODUCTS_DIR; };
		AC83BB7C26083F0C0040FC5A /* AppDelegate.swift */ = {isa = PBXFileReference; lastKnownFileType = sourcecode.swift; path = AppDelegate.swift; sourceTree = "<group>"; };
		AC83BB7E26083F0C0040FC5A /* SceneDelegate.swift */ = {isa = PBXFileReference; lastKnownFileType = sourcecode.swift; path = SceneDelegate.swift; sourceTree = "<group>"; };
		AC83BB8026083F0C0040FC5A /* ViewController.swift */ = {isa = PBXFileReference; lastKnownFileType = sourcecode.swift; path = ViewController.swift; sourceTree = "<group>"; };
		AC83BB8326083F0C0040FC5A /* Base */ = {isa = PBXFileReference; lastKnownFileType = file.storyboard; name = Base; path = Base.lproj/Main.storyboard; sourceTree = "<group>"; };
		AC83BB8526083F0D0040FC5A /* Assets.xcassets */ = {isa = PBXFileReference; lastKnownFileType = folder.assetcatalog; path = Assets.xcassets; sourceTree = "<group>"; };
		AC83BB8826083F0D0040FC5A /* Base */ = {isa = PBXFileReference; lastKnownFileType = file.storyboard; name = Base; path = Base.lproj/LaunchScreen.storyboard; sourceTree = "<group>"; };
		AC83BB8A26083F0D0040FC5A /* Info.plist */ = {isa = PBXFileReference; lastKnownFileType = text.plist.xml; path = Info.plist; sourceTree = "<group>"; };
		AC9AA041260DE2C40044ED6D /* zoom.swift */ = {isa = PBXFileReference; lastKnownFileType = sourcecode.swift; path = zoom.swift; sourceTree = "<group>"; };
/* End PBXFileReference section */

/* Begin PBXFrameworksBuildPhase section */
		AC83BB7626083F0C0040FC5A /* Frameworks */ = {
			isa = PBXFrameworksBuildPhase;
			buildActionMask = 2147483647;
			files = (
			);
			runOnlyForDeploymentPostprocessing = 0;
		};
/* End PBXFrameworksBuildPhase section */

/* Begin PBXGroup section */
		AC83BB7026083F0C0040FC5A = {
			isa = PBXGroup;
			children = (
				AC83BB7B26083F0C0040FC5A /* SlideshowApp */,
				AC83BB7A26083F0C0040FC5A /* Products */,
			);
			sourceTree = "<group>";
		};
		AC83BB7A26083F0C0040FC5A /* Products */ = {
			isa = PBXGroup;
			children = (
				AC83BB7926083F0C0040FC5A /* SlideshowApp.app */,
			);
			name = Products;
			sourceTree = "<group>";
		};
		AC83BB7B26083F0C0040FC5A /* SlideshowApp */ = {
			isa = PBXGroup;
			children = (
				AC83BB7C26083F0C0040FC5A /* AppDelegate.swift */,
				AC83BB7E26083F0C0040FC5A /* SceneDelegate.swift */,
				AC83BB8026083F0C0040FC5A /* ViewController.swift */,
				AC9AA041260DE2C40044ED6D /* zoom.swift */,
				AC83BB8226083F0C0040FC5A /* Main.storyboard */,
				AC5C339E2611AD7800CD978F /* banana.jpg */,
				AC5C339D2611AD7800CD978F /* ichigo.jpg */,
				AC5C339F2611AD7800CD978F /* peach.jpg */,
				AC83BB8526083F0D0040FC5A /* Assets.xcassets */,
				AC83BB8726083F0D0040FC5A /* LaunchScreen.storyboard */,
				AC83BB8A26083F0D0040FC5A /* Info.plist */,
			);
			path = SlideshowApp;
			sourceTree = "<group>";
		};
/* End PBXGroup section */

/* Begin PBXNativeTarget section */
		AC83BB7826083F0C0040FC5A /* SlideshowApp */ = {
			isa = PBXNativeTarget;
			buildConfigurationList = AC83BB8D26083F0D0040FC5A /* Build configuration list for PBXNativeTarget "SlideshowApp" */;
			buildPhases = (
				AC83BB7526083F0C0040FC5A /* Sources */,
				AC83BB7626083F0C0040FC5A /* Frameworks */,
				AC83BB7726083F0C0040FC5A /* Resources */,
			);
			buildRules = (
			);
			dependencies = (
			);
			name = SlideshowApp;
			productName = SlideshowApp;
			productReference = AC83BB7926083F0C0040FC5A /* SlideshowApp.app */;
			productType = "com.apple.product-type.application";
		};
/* End PBXNativeTarget section */

/* Begin PBXProject section */
		AC83BB7126083F0C0040FC5A /* Project object */ = {
			isa = PBXProject;
			attributes = {
				LastSwiftUpdateCheck = 1220;
				LastUpgradeCheck = 1220;
				TargetAttributes = {
					AC83BB7826083F0C0040FC5A = {
						CreatedOnToolsVersion = 12.2;
					};
				};
			};
			buildConfigurationList = AC83BB7426083F0C0040FC5A /* Build configuration list for PBXProject "SlideshowApp" */;
			compatibilityVersion = "Xcode 9.3";
			developmentRegion = en;
			hasScannedForEncodings = 0;
			knownRegions = (
				en,
				Base,
			);
			mainGroup = AC83BB7026083F0C0040FC5A;
			productRefGroup = AC83BB7A26083F0C0040FC5A /* Products */;
			projectDirPath = "";
			projectRoot = "";
			targets = (
				AC83BB7826083F0C0040FC5A /* SlideshowApp */,
			);
		};
/* End PBXProject section */

/* Begin PBXResourcesBuildPhase section */
		AC83BB7726083F0C0040FC5A /* Resources */ = {
			isa = PBXResourcesBuildPhase;
			buildActionMask = 2147483647;
			files = (
				AC5C33A02611AD7800CD978F /* ichigo.jpg in Resources */,
				AC83BB8926083F0D0040FC5A /* LaunchScreen.storyboard in Resources */,
				AC83BB8626083F0D0040FC5A /* Assets.xcassets in Resources */,
				AC5C33A22611AD7800CD978F /* peach.jpg in Resources */,
				AC83BB8426083F0C0040FC5A /* Main.storyboard in Resources */,
				AC5C33A12611AD7800CD978F /* banana.jpg in Resources */,
			);
			runOnlyForDeploymentPostprocessing = 0;
		};
/* End PBXResourcesBuildPhase section */

/* Begin PBXSourcesBuildPhase section */
		AC83BB7526083F0C0040FC5A /* Sources */ = {
			isa = PBXSourcesBuildPhase;
			buildActionMask = 2147483647;
			files = (
				AC83BB8126083F0C0040FC5A /* ViewController.swift in Sources */,
				AC83BB7D26083F0C0040FC5A /* AppDelegate.swift in Sources */,
				AC9AA042260DE2C40044ED6D /* zoom.swift in Sources */,
				AC83BB7F26083F0C0040FC5A /* SceneDelegate.swift in Sources */,
			);
			runOnlyForDeploymentPostprocessing = 0;
		};
/* End PBXSourcesBuildPhase section */

/* Begin PBXVariantGroup section */
		AC83BB8226083F0C0040FC5A /* Main.storyboard */ = {
			isa = PBXVariantGroup;
			children = (
				AC83BB8326083F0C0040FC5A /* Base */,
			);
			name = Main.storyboard;
			sourceTree = "<group>";
		};
		AC83BB8726083F0D0040FC5A /* LaunchScreen.storyboard */ = {
			isa = PBXVariantGroup;
			children = (
				AC83BB8826083F0D0040FC5A /* Base */,
			);
			name = LaunchScreen.storyboard;
			sourceTree = "<group>";
		};
/* End PBXVariantGroup section */

/* Begin XCBuildConfiguration section */
		AC83BB8B26083F0D0040FC5A /* Debug */ = {
			isa = XCBuildConfiguration;
			buildSettings = {
				ALWAYS_SEARCH_USER_PATHS = NO;
				CLANG_ANALYZER_NONNULL = YES;
				CLANG_ANALYZER_NUMBER_OBJECT_CONVERSION = YES_AGGRESSIVE;
				CLANG_CXX_LANGUAGE_STANDARD = "gnu++14";
				CLANG_CXX_LIBRARY = "libc++";
				CLANG_ENABLE_MODULES = YES;
				CLANG_ENABLE_OBJC_ARC = YES;
				CLANG_ENABLE_OBJC_WEAK = YES;
				CLANG_WARN_BLOCK_CAPTURE_AUTORELEASING = YES;
				CLANG_WARN_BOOL_CONVERSION = YES;
				CLANG_WARN_COMMA = YES;
				CLANG_WARN_CONSTANT_CONVERSION = YES;
				CLANG_WARN_DEPRECATED_OBJC_IMPLEMENTATIONS = YES;
				CLANG_WARN_DIRECT_OBJC_ISA_USAGE = YES_ERROR;
				CLANG_WARN_DOCUMENTATION_COMMENTS = YES;
				CLANG_WARN_EMPTY_BODY = YES;
				CLANG_WARN_ENUM_CONVERSION = YES;
				CLANG_WARN_INFINITE_RECURSION = YES;
				CLANG_WARN_INT_CONVERSION = YES;
				CLANG_WARN_NON_LITERAL_NULL_CONVERSION = YES;
				CLANG_WARN_OBJC_IMPLICIT_RETAIN_SELF = YES;
				CLANG_WARN_OBJC_LITERAL_CONVERSION = YES;
				CLANG_WARN_OBJC_ROOT_CLASS = YES_ERROR;
				CLANG_WARN_QUOTED_INCLUDE_IN_FRAMEWORK_HEADER = YES;
				CLANG_WARN_RANGE_LOOP_ANALYSIS = YES;
				CLANG_WARN_STRICT_PROTOTYPES = YES;
				CLANG_WARN_SUSPICIOUS_MOVE = YES;
				CLANG_WARN_UNGUARDED_AVAILABILITY = YES_AGGRESSIVE;
				CLANG_WARN_UNREACHABLE_CODE = YES;
				CLANG_WARN__DUPLICATE_METHOD_MATCH = YES;
				COPY_PHASE_STRIP = NO;
				DEBUG_INFORMATION_FORMAT = dwarf;
				ENABLE_STRICT_OBJC_MSGSEND = YES;
				ENABLE_TESTABILITY = YES;
				GCC_C_LANGUAGE_STANDARD = gnu11;
				GCC_DYNAMIC_NO_PIC = NO;
				GCC_NO_COMMON_BLOCKS = YES;
				GCC_OPTIMIZATION_LEVEL = 0;
				GCC_PREPROCESSOR_DEFINITIONS = (
					"DEBUG=1",
					"$(inherited)",
				);
				GCC_WARN_64_TO_32_BIT_CONVERSION = YES;
				GCC_WARN_ABOUT_RETURN_TYPE = YES_ERROR;
				GCC_WARN_UNDECLARED_SELECTOR = YES;
				GCC_WARN_UNINITIALIZED_AUTOS = YES_AGGRESSIVE;
				GCC_WARN_UNUSED_FUNCTION = YES;
				GCC_WARN_UNUSED_VARIABLE = YES;
				IPHONEOS_DEPLOYMENT_TARGET = 14.2;
				MTL_ENABLE_DEBUG_INFO = INCLUDE_SOURCE;
				MTL_FAST_MATH = YES;
				ONLY_ACTIVE_ARCH = YES;
				SDKROOT = iphoneos;
				SWIFT_ACTIVE_COMPILATION_CONDITIONS = DEBUG;
				SWIFT_OPTIMIZATION_LEVEL = "-Onone";
			};
			name = Debug;
		};
		AC83BB8C26083F0D0040FC5A /* Release */ = {
			isa = XCBuildConfiguration;
			buildSettings = {
				ALWAYS_SEARCH_USER_PATHS = NO;
				CLANG_ANALYZER_NONNULL = YES;
				CLANG_ANALYZER_NUMBER_OBJECT_CONVERSION = YES_AGGRESSIVE;
				CLANG_CXX_LANGUAGE_STANDARD = "gnu++14";
				CLANG_CXX_LIBRARY = "libc++";
				CLANG_ENABLE_MODULES = YES;
				CLANG_ENABLE_OBJC_ARC = YES;
				CLANG_ENABLE_OBJC_WEAK = YES;
				CLANG_WARN_BLOCK_CAPTURE_AUTORELEASING = YES;
				CLANG_WARN_BOOL_CONVERSION = YES;
				CLANG_WARN_COMMA = YES;
				CLANG_WARN_CONSTANT_CONVERSION = YES;
				CLANG_WARN_DEPRECATED_OBJC_IMPLEMENTATIONS = YES;
				CLANG_WARN_DIRECT_OBJC_ISA_USAGE = YES_ERROR;
				CLANG_WARN_DOCUMENTATION_COMMENTS = YES;
				CLANG_WARN_EMPTY_BODY = YES;
				CLANG_WARN_ENUM_CONVERSION = YES;
				CLANG_WARN_INFINITE_RECURSION = YES;
				CLANG_WARN_INT_CONVERSION = YES;
				CLANG_WARN_NON_LITERAL_NULL_CONVERSION = YES;
				CLANG_WARN_OBJC_IMPLICIT_RETAIN_SELF = YES;
				CLANG_WARN_OBJC_LITERAL_CONVERSION = YES;
				CLANG_WARN_OBJC_ROOT_CLASS = YES_ERROR;
				CLANG_WARN_QUOTED_INCLUDE_IN_FRAMEWORK_HEADER = YES;
				CLANG_WARN_RANGE_LOOP_ANALYSIS = YES;
				CLANG_WARN_STRICT_PROTOTYPES = YES;
				CLANG_WARN_SUSPICIOUS_MOVE = YES;
				CLANG_WARN_UNGUARDED_AVAILABILITY = YES_AGGRESSIVE;
				CLANG_WARN_UNREACHABLE_CODE = YES;
				CLANG_WARN__DUPLICATE_METHOD_MATCH = YES;
				COPY_PHASE_STRIP = NO;
				DEBUG_INFORMATION_FORMAT = "dwarf-with-dsym";
				ENABLE_NS_ASSERTIONS = NO;
				ENABLE_STRICT_OBJC_MSGSEND = YES;
				GCC_C_LANGUAGE_STANDARD = gnu11;
				GCC_NO_COMMON_BLOCKS = YES;
				GCC_WARN_64_TO_32_BIT_CONVERSION = YES;
				GCC_WARN_ABOUT_RETURN_TYPE = YES_ERROR;
				GCC_WARN_UNDECLARED_SELECTOR = YES;
				GCC_WARN_UNINITIALIZED_AUTOS = YES_AGGRESSIVE;
				GCC_WARN_UNUSED_FUNCTION = YES;
				GCC_WARN_UNUSED_VARIABLE = YES;
				IPHONEOS_DEPLOYMENT_TARGET = 14.2;
				MTL_ENABLE_DEBUG_INFO = NO;
				MTL_FAST_MATH = YES;
				SDKROOT = iphoneos;
				SWIFT_COMPILATION_MODE = wholemodule;
				SWIFT_OPTIMIZATION_LEVEL = "-O";
				VALIDATE_PRODUCT = YES;
			};
			name = Release;
		};
		AC83BB8E26083F0D0040FC5A /* Debug */ = {
			isa = XCBuildConfiguration;
			buildSettings = {
				ASSETCATALOG_COMPILER_APPICON_NAME = AppIcon;
				ASSETCATALOG_COMPILER_GLOBAL_ACCENT_COLOR_NAME = AccentColor;
				CODE_SIGN_STYLE = Automatic;
				INFOPLIST_FILE = SlideshowApp/Info.plist;
				LD_RUNPATH_SEARCH_PATHS = (
					"$(inherited)",
					"@executable_path/Frameworks",
				);
				PRODUCT_BUNDLE_IDENTIFIER = jp.techacademy.hiroshi.okazawa.SlideshowApp;
				PRODUCT_NAME = "$(TARGET_NAME)";
				SWIFT_VERSION = 5.0;
				TARGETED_DEVICE_FAMILY = "1,2";
			};
			name = Debug;
		};
		AC83BB8F26083F0D0040FC5A /* Release */ = {
			isa = XCBuildConfiguration;
			buildSettings = {
				ASSETCATALOG_COMPILER_APPICON_NAME = AppIcon;
				ASSETCATALOG_COMPILER_GLOBAL_ACCENT_COLOR_NAME = AccentColor;
				CODE_SIGN_STYLE = Automatic;
				INFOPLIST_FILE = SlideshowApp/Info.plist;
				LD_RUNPATH_SEARCH_PATHS = (
					"$(inherited)",
					"@executable_path/Frameworks",
				);
				PRODUCT_BUNDLE_IDENTIFIER = jp.techacademy.hiroshi.okazawa.SlideshowApp;
				PRODUCT_NAME = "$(TARGET_NAME)";
				SWIFT_VERSION = 5.0;
				TARGETED_DEVICE_FAMILY = "1,2";
			};
			name = Release;
		};
/* End XCBuildConfiguration section */

/* Begin XCConfigurationList section */
		AC83BB7426083F0C0040FC5A /* Build configuration list for PBXProject "SlideshowApp" */ = {
			isa = XCConfigurationList;
			buildConfigurations = (
				AC83BB8B26083F0D0040FC5A /* Debug */,
				AC83BB8C26083F0D0040FC5A /* Release */,
			);
			defaultConfigurationIsVisible = 0;
			defaultConfigurationName = Release;
		};
		AC83BB8D26083F0D0040FC5A /* Build configuration list for PBXNativeTarget "SlideshowApp" */ = {
			isa = XCConfigurationList;
			buildConfigurations = (
				AC83BB8E26083F0D0040FC5A /* Debug */,
				AC83BB8F26083F0D0040FC5A /* Release */,
			);
			defaultConfigurationIsVisible = 0;
			defaultConfigurationName = Release;
		};
/* End XCConfigurationList section */
	};
	rootObject = AC83BB7126083F0C0040FC5A /* Project object */;
}
